
Microsoft Visual Studio Solution File, Format Version 12.00
# Visual Studio Version 17
VisualStudioVersion = 17.7.34031.279
MinimumVisualStudioVersion = 10.0.40219.1
Project("{FAE04EC0-301F-11D3-BF4B-00C04F79EFBC}") = "CSharpLanguageFeatures", "CSharpLanguageFeatures\CSharpLanguageFeatures.csproj", "{0A8EECB0-A69C-4290-AA45-FE823B96F703}"
EndProject
Global
	GlobalSection(SolutionConfigurationPlatforms) = preSolution
		Debug|Any CPU = Debug|Any CPU
		Release|Any CPU = Release|Any CPU
	EndGlobalSection
	GlobalSection(ProjectConfigurationPlatforms) = postSolution
		{0A8EECB0-A69C-4290-AA45-FE823B96F703}.Debug|Any CPU.ActiveCfg = Debug|Any CPU
		{0A8EECB0-A69C-4290-AA45-FE823B96F703}.Debug|Any CPU.Build.0 = Debug|Any CPU
		{0A8EECB0-A69C-4290-AA45-FE823B96F703}.Release|Any CPU.ActiveCfg = Release|Any CPU
		{0A8EECB0-A69C-4290-AA45-FE823B96F703}.Release|Any CPU.Build.0 = Release|Any CPU
	EndGlobalSection
	GlobalSection(SolutionProperties) = preSolution
		HideSolutionNode = FALSE
	EndGlobalSection
	GlobalSection(ExtensibilityGlobals) = postSolution
		SolutionGuid = {5EEA6C9B-2D15-4BB4-8402-60F79D07E7C7}
	EndGlobalSection
EndGlobal
